// !$*UTF8*$!
{
	archiveVersion = 1;
	classes = {
	};
	objectVersion = 48;
	objects = {

/* Begin PBXBuildFile section */
		9D2C53A420877B8900616760 /* AppDelegate.swift in Sources */ = {isa = PBXBuildFile; fileRef = 9D2C53A320877B8900616760 /* AppDelegate.swift */; };
		9D2C53A620877B8900616760 /* CategoriesViewController.swift in Sources */ = {isa = PBXBuildFile; fileRef = 9D2C53A520877B8900616760 /* CategoriesViewController.swift */; };
		9D2C53A920877B8900616760 /* Main.storyboard in Resources */ = {isa = PBXBuildFile; fileRef = 9D2C53A720877B8900616760 /* Main.storyboard */; };
		9D2C53AC20877B8900616760 /* GreenCycle.xcdatamodeld in Sources */ = {isa = PBXBuildFile; fileRef = 9D2C53AA20877B8900616760 /* GreenCycle.xcdatamodeld */; };
		9D2C53AE20877B8B00616760 /* Assets.xcassets in Resources */ = {isa = PBXBuildFile; fileRef = 9D2C53AD20877B8B00616760 /* Assets.xcassets */; };
		9D2C53BC20877B8B00616760 /* GreenCycleTests.swift in Sources */ = {isa = PBXBuildFile; fileRef = 9D2C53BB20877B8B00616760 /* GreenCycleTests.swift */; };
		9D2C53C720877B8B00616760 /* GreenCycleUITests.swift in Sources */ = {isa = PBXBuildFile; fileRef = 9D2C53C620877B8B00616760 /* GreenCycleUITests.swift */; };
		9D2C53D720877F2800616760 /* CustomTableViewCell.swift in Sources */ = {isa = PBXBuildFile; fileRef = 9D2C53D620877F2800616760 /* CustomTableViewCell.swift */; };
		9D2C53DA208785F400616760 /* Category.swift in Sources */ = {isa = PBXBuildFile; fileRef = 9D2C53D9208785F400616760 /* Category.swift */; };
		9D2C53E22087A54200616760 /* Image.swift in Sources */ = {isa = PBXBuildFile; fileRef = 9D2C53E12087A54200616760 /* Image.swift */; };
		9D2C53EC2087F60700616760 /* ImageViewWithGradient.swift in Sources */ = {isa = PBXBuildFile; fileRef = 9D2C53EB2087F60700616760 /* ImageViewWithGradient.swift */; };
		9D2C53EE20889CFC00616760 /* Color.swift in Sources */ = {isa = PBXBuildFile; fileRef = 9D2C53ED20889CFC00616760 /* Color.swift */; };
		9D3B3FDD209259B100384ED8 /* TabBarViewController.swift in Sources */ = {isa = PBXBuildFile; fileRef = 9D3B3FDC209259B100384ED8 /* TabBarViewController.swift */; };
		FA2580A7209D8E03006C4C32 /* mlModel.mlmodel in Sources */ = {isa = PBXBuildFile; fileRef = FA2580A6209D8E03006C4C32 /* mlModel.mlmodel */; };
		FA362A6F209A25C500606D8F /* CameraViewController.swift in Sources */ = {isa = PBXBuildFile; fileRef = FA362A6E209A25C500606D8F /* CameraViewController.swift */; };
		FA362A78209A710B00606D8F /* Layer.swift in Sources */ = {isa = PBXBuildFile; fileRef = FA362A77209A710B00606D8F /* Layer.swift */; };
		FA362A7A209AFF4200606D8F /* CGFloat.swift in Sources */ = {isa = PBXBuildFile; fileRef = FA362A79209AFF4200606D8F /* CGFloat.swift */; };
		FA362A7C209AFF4E00606D8F /* UIScreen.swift in Sources */ = {isa = PBXBuildFile; fileRef = FA362A7B209AFF4E00606D8F /* UIScreen.swift */; };
		FA516B2D20961FCF00D0BB5B /* CategoryInfoViewController.swift in Sources */ = {isa = PBXBuildFile; fileRef = FA516B2C20961FCF00D0BB5B /* CategoryInfoViewController.swift */; };
		FAB4380B2099C19C00D69A53 /* data.json in Resources */ = {isa = PBXBuildFile; fileRef = FAB4380A2099C19C00D69A53 /* data.json */; };
/* End PBXBuildFile section */

/* Begin PBXContainerItemProxy section */
		9D2C53B820877B8B00616760 /* PBXContainerItemProxy */ = {
			isa = PBXContainerItemProxy;
			containerPortal = 9D2C539820877B8900616760 /* Project object */;
			proxyType = 1;
			remoteGlobalIDString = 9D2C539F20877B8900616760;
			remoteInfo = GreenCycle;
		};
		9D2C53C320877B8B00616760 /* PBXContainerItemProxy */ = {
			isa = PBXContainerItemProxy;
			containerPortal = 9D2C539820877B8900616760 /* Project object */;
			proxyType = 1;
			remoteGlobalIDString = 9D2C539F20877B8900616760;
			remoteInfo = GreenCycle;
		};
/* End PBXContainerItemProxy section */

/* Begin PBXFileReference section */
		9D2C53A020877B8900616760 /* GreenCycle.app */ = {isa = PBXFileReference; explicitFileType = wrapper.application; includeInIndex = 0; path = GreenCycle.app; sourceTree = BUILT_PRODUCTS_DIR; };
		9D2C53A320877B8900616760 /* AppDelegate.swift */ = {isa = PBXFileReference; lastKnownFileType = sourcecode.swift; path = AppDelegate.swift; sourceTree = "<group>"; };
		9D2C53A520877B8900616760 /* CategoriesViewController.swift */ = {isa = PBXFileReference; lastKnownFileType = sourcecode.swift; path = CategoriesViewController.swift; sourceTree = "<group>"; };
		9D2C53A820877B8900616760 /* Base */ = {isa = PBXFileReference; lastKnownFileType = file.storyboard; name = Base; path = Base.lproj/Main.storyboard; sourceTree = "<group>"; };
		9D2C53AB20877B8900616760 /* GreenCycle.xcdatamodel */ = {isa = PBXFileReference; lastKnownFileType = wrapper.xcdatamodel; path = GreenCycle.xcdatamodel; sourceTree = "<group>"; };
		9D2C53AD20877B8B00616760 /* Assets.xcassets */ = {isa = PBXFileReference; lastKnownFileType = folder.assetcatalog; path = Assets.xcassets; sourceTree = "<group>"; };
		9D2C53B220877B8B00616760 /* Info.plist */ = {isa = PBXFileReference; lastKnownFileType = text.plist.xml; path = Info.plist; sourceTree = "<group>"; };
		9D2C53B720877B8B00616760 /* GreenCycleTests.xctest */ = {isa = PBXFileReference; explicitFileType = wrapper.cfbundle; includeInIndex = 0; path = GreenCycleTests.xctest; sourceTree = BUILT_PRODUCTS_DIR; };
		9D2C53BB20877B8B00616760 /* GreenCycleTests.swift */ = {isa = PBXFileReference; lastKnownFileType = sourcecode.swift; path = GreenCycleTests.swift; sourceTree = "<group>"; };
		9D2C53BD20877B8B00616760 /* Info.plist */ = {isa = PBXFileReference; lastKnownFileType = text.plist.xml; path = Info.plist; sourceTree = "<group>"; };
		9D2C53C220877B8B00616760 /* GreenCycleUITests.xctest */ = {isa = PBXFileReference; explicitFileType = wrapper.cfbundle; includeInIndex = 0; path = GreenCycleUITests.xctest; sourceTree = BUILT_PRODUCTS_DIR; };
		9D2C53C620877B8B00616760 /* GreenCycleUITests.swift */ = {isa = PBXFileReference; lastKnownFileType = sourcecode.swift; path = GreenCycleUITests.swift; sourceTree = "<group>"; };
		9D2C53C820877B8B00616760 /* Info.plist */ = {isa = PBXFileReference; lastKnownFileType = text.plist.xml; path = Info.plist; sourceTree = "<group>"; };
		9D2C53D620877F2800616760 /* CustomTableViewCell.swift */ = {isa = PBXFileReference; lastKnownFileType = sourcecode.swift; path = CustomTableViewCell.swift; sourceTree = "<group>"; };
		9D2C53D9208785F400616760 /* Category.swift */ = {isa = PBXFileReference; lastKnownFileType = sourcecode.swift; path = Category.swift; sourceTree = "<group>"; };
		9D2C53E12087A54200616760 /* Image.swift */ = {isa = PBXFileReference; lastKnownFileType = sourcecode.swift; path = Image.swift; sourceTree = "<group>"; };
		9D2C53EB2087F60700616760 /* ImageViewWithGradient.swift */ = {isa = PBXFileReference; lastKnownFileType = sourcecode.swift; path = ImageViewWithGradient.swift; sourceTree = "<group>"; };
		9D2C53ED20889CFC00616760 /* Color.swift */ = {isa = PBXFileReference; lastKnownFileType = sourcecode.swift; path = Color.swift; sourceTree = "<group>"; };
		9D3B3FDC209259B100384ED8 /* TabBarViewController.swift */ = {isa = PBXFileReference; lastKnownFileType = sourcecode.swift; path = TabBarViewController.swift; sourceTree = "<group>"; };
		FA2580A6209D8E03006C4C32 /* mlModel.mlmodel */ = {isa = PBXFileReference; lastKnownFileType = file.mlmodel; name = mlModel.mlmodel; path = ../../../Downloads/mlModel.mlmodel; sourceTree = "<group>"; };
		FA362A6E209A25C500606D8F /* CameraViewController.swift */ = {isa = PBXFileReference; lastKnownFileType = sourcecode.swift; path = CameraViewController.swift; sourceTree = "<group>"; };
		FA362A77209A710B00606D8F /* Layer.swift */ = {isa = PBXFileReference; lastKnownFileType = sourcecode.swift; path = Layer.swift; sourceTree = "<group>"; };
		FA362A79209AFF4200606D8F /* CGFloat.swift */ = {isa = PBXFileReference; lastKnownFileType = sourcecode.swift; path = CGFloat.swift; sourceTree = "<group>"; };
		FA362A7B209AFF4E00606D8F /* UIScreen.swift */ = {isa = PBXFileReference; lastKnownFileType = sourcecode.swift; path = UIScreen.swift; sourceTree = "<group>"; };
		FA516B2C20961FCF00D0BB5B /* CategoryInfoViewController.swift */ = {isa = PBXFileReference; lastKnownFileType = sourcecode.swift; path = CategoryInfoViewController.swift; sourceTree = "<group>"; };
		FAB4380A2099C19C00D69A53 /* data.json */ = {isa = PBXFileReference; lastKnownFileType = text.json; path = data.json; sourceTree = "<group>"; };
/* End PBXFileReference section */

/* Begin PBXFrameworksBuildPhase section */
		9D2C539D20877B8900616760 /* Frameworks */ = {
			isa = PBXFrameworksBuildPhase;
			buildActionMask = 2147483647;
			files = (
			);
			runOnlyForDeploymentPostprocessing = 0;
		};
		9D2C53B420877B8B00616760 /* Frameworks */ = {
			isa = PBXFrameworksBuildPhase;
			buildActionMask = 2147483647;
			files = (
			);
			runOnlyForDeploymentPostprocessing = 0;
		};
		9D2C53BF20877B8B00616760 /* Frameworks */ = {
			isa = PBXFrameworksBuildPhase;
			buildActionMask = 2147483647;
			files = (
			);
			runOnlyForDeploymentPostprocessing = 0;
		};
/* End PBXFrameworksBuildPhase section */

/* Begin PBXGroup section */
		9D2C539720877B8900616760 = {
			isa = PBXGroup;
			children = (
				9D2C53A220877B8900616760 /* GreenCycle */,
				9D2C53BA20877B8B00616760 /* GreenCycleTests */,
				9D2C53C520877B8B00616760 /* GreenCycleUITests */,
				9D2C53A120877B8900616760 /* Products */,
			);
			sourceTree = "<group>";
		};
		9D2C53A120877B8900616760 /* Products */ = {
			isa = PBXGroup;
			children = (
				9D2C53A020877B8900616760 /* GreenCycle.app */,
				9D2C53B720877B8B00616760 /* GreenCycleTests.xctest */,
				9D2C53C220877B8B00616760 /* GreenCycleUITests.xctest */,
			);
			name = Products;
			sourceTree = "<group>";
		};
		9D2C53A220877B8900616760 /* GreenCycle */ = {
			isa = PBXGroup;
			children = (
				9D2C53E02087A52C00616760 /* Extensions */,
				9D2C53D8208785E400616760 /* Models */,
				9D2C53A320877B8900616760 /* AppDelegate.swift */,
				FA516B2C20961FCF00D0BB5B /* CategoryInfoViewController.swift */,
				FA362A6E209A25C500606D8F /* CameraViewController.swift */,
				9D2C53A520877B8900616760 /* CategoriesViewController.swift */,
				FA2580A6209D8E03006C4C32 /* mlModel.mlmodel */,
				9D2C53A720877B8900616760 /* Main.storyboard */,
				9D3B3FDC209259B100384ED8 /* TabBarViewController.swift */,
				9D2C53AD20877B8B00616760 /* Assets.xcassets */,
				9D2C53B220877B8B00616760 /* Info.plist */,
				9D2C53AA20877B8900616760 /* GreenCycle.xcdatamodeld */,
				9D2C53D620877F2800616760 /* CustomTableViewCell.swift */,
				9D2C53EB2087F60700616760 /* ImageViewWithGradient.swift */,
				FAB4380A2099C19C00D69A53 /* data.json */,
			);
			path = GreenCycle;
			sourceTree = "<group>";
		};
		9D2C53BA20877B8B00616760 /* GreenCycleTests */ = {
			isa = PBXGroup;
			children = (
				9D2C53BB20877B8B00616760 /* GreenCycleTests.swift */,
				9D2C53BD20877B8B00616760 /* Info.plist */,
			);
			path = GreenCycleTests;
			sourceTree = "<group>";
		};
		9D2C53C520877B8B00616760 /* GreenCycleUITests */ = {
			isa = PBXGroup;
			children = (
				9D2C53C620877B8B00616760 /* GreenCycleUITests.swift */,
				9D2C53C820877B8B00616760 /* Info.plist */,
			);
			path = GreenCycleUITests;
			sourceTree = "<group>";
		};
		9D2C53D8208785E400616760 /* Models */ = {
			isa = PBXGroup;
			children = (
				9D2C53D9208785F400616760 /* Category.swift */,
			);
			path = Models;
			sourceTree = "<group>";
		};
		9D2C53E02087A52C00616760 /* Extensions */ = {
			isa = PBXGroup;
			children = (
				9D2C53E12087A54200616760 /* Image.swift */,
				9D2C53ED20889CFC00616760 /* Color.swift */,
				FA362A77209A710B00606D8F /* Layer.swift */,
				FA362A79209AFF4200606D8F /* CGFloat.swift */,
				FA362A7B209AFF4E00606D8F /* UIScreen.swift */,
			);
			path = Extensions;
			sourceTree = "<group>";
		};
/* End PBXGroup section */

/* Begin PBXNativeTarget section */
		9D2C539F20877B8900616760 /* GreenCycle */ = {
			isa = PBXNativeTarget;
			buildConfigurationList = 9D2C53CB20877B8B00616760 /* Build configuration list for PBXNativeTarget "GreenCycle" */;
			buildPhases = (
				9D2C539C20877B8900616760 /* Sources */,
				9D2C539D20877B8900616760 /* Frameworks */,
				9D2C539E20877B8900616760 /* Resources */,
			);
			buildRules = (
			);
			dependencies = (
			);
			name = GreenCycle;
			productName = GreenCycle;
			productReference = 9D2C53A020877B8900616760 /* GreenCycle.app */;
			productType = "com.apple.product-type.application";
		};
		9D2C53B620877B8B00616760 /* GreenCycleTests */ = {
			isa = PBXNativeTarget;
			buildConfigurationList = 9D2C53CE20877B8B00616760 /* Build configuration list for PBXNativeTarget "GreenCycleTests" */;
			buildPhases = (
				9D2C53B320877B8B00616760 /* Sources */,
				9D2C53B420877B8B00616760 /* Frameworks */,
				9D2C53B520877B8B00616760 /* Resources */,
			);
			buildRules = (
			);
			dependencies = (
				9D2C53B920877B8B00616760 /* PBXTargetDependency */,
			);
			name = GreenCycleTests;
			productName = GreenCycleTests;
			productReference = 9D2C53B720877B8B00616760 /* GreenCycleTests.xctest */;
			productType = "com.apple.product-type.bundle.unit-test";
		};
		9D2C53C120877B8B00616760 /* GreenCycleUITests */ = {
			isa = PBXNativeTarget;
			buildConfigurationList = 9D2C53D120877B8B00616760 /* Build configuration list for PBXNativeTarget "GreenCycleUITests" */;
			buildPhases = (
				9D2C53BE20877B8B00616760 /* Sources */,
				9D2C53BF20877B8B00616760 /* Frameworks */,
				9D2C53C020877B8B00616760 /* Resources */,
			);
			buildRules = (
			);
			dependencies = (
				9D2C53C420877B8B00616760 /* PBXTargetDependency */,
			);
			name = GreenCycleUITests;
			productName = GreenCycleUITests;
			productReference = 9D2C53C220877B8B00616760 /* GreenCycleUITests.xctest */;
			productType = "com.apple.product-type.bundle.ui-testing";
		};
/* End PBXNativeTarget section */

/* Begin PBXProject section */
		9D2C539820877B8900616760 /* Project object */ = {
			isa = PBXProject;
			attributes = {
				LastSwiftUpdateCheck = 0930;
				LastUpgradeCheck = 0930;
				ORGANIZATIONNAME = Nhim;
				TargetAttributes = {
					9D2C539F20877B8900616760 = {
						CreatedOnToolsVersion = 9.3;
						ProvisioningStyle = Automatic;
					};
					9D2C53B620877B8B00616760 = {
						CreatedOnToolsVersion = 9.3;
						ProvisioningStyle = Automatic;
						TestTargetID = 9D2C539F20877B8900616760;
					};
					9D2C53C120877B8B00616760 = {
						CreatedOnToolsVersion = 9.3;
						ProvisioningStyle = Automatic;
						TestTargetID = 9D2C539F20877B8900616760;
					};
				};
			};
			buildConfigurationList = 9D2C539B20877B8900616760 /* Build configuration list for PBXProject "GreenCycle" */;
			compatibilityVersion = "Xcode 8.0";
			developmentRegion = en;
			hasScannedForEncodings = 0;
			knownRegions = (
				en,
				Base,
			);
			mainGroup = 9D2C539720877B8900616760;
			productRefGroup = 9D2C53A120877B8900616760 /* Products */;
			projectDirPath = "";
			projectRoot = "";
			targets = (
				9D2C539F20877B8900616760 /* GreenCycle */,
				9D2C53B620877B8B00616760 /* GreenCycleTests */,
				9D2C53C120877B8B00616760 /* GreenCycleUITests */,
			);
		};
/* End PBXProject section */

/* Begin PBXResourcesBuildPhase section */
		9D2C539E20877B8900616760 /* Resources */ = {
			isa = PBXResourcesBuildPhase;
			buildActionMask = 2147483647;
			files = (
				9D2C53AE20877B8B00616760 /* Assets.xcassets in Resources */,
				FAB4380B2099C19C00D69A53 /* data.json in Resources */,
				9D2C53A920877B8900616760 /* Main.storyboard in Resources */,
			);
			runOnlyForDeploymentPostprocessing = 0;
		};
		9D2C53B520877B8B00616760 /* Resources */ = {
			isa = PBXResourcesBuildPhase;
			buildActionMask = 2147483647;
			files = (
			);
			runOnlyForDeploymentPostprocessing = 0;
		};
		9D2C53C020877B8B00616760 /* Resources */ = {
			isa = PBXResourcesBuildPhase;
			buildActionMask = 2147483647;
			files = (
			);
			runOnlyForDeploymentPostprocessing = 0;
		};
/* End PBXResourcesBuildPhase section */

/* Begin PBXSourcesBuildPhase section */
		9D2C539C20877B8900616760 /* Sources */ = {
			isa = PBXSourcesBuildPhase;
			buildActionMask = 2147483647;
			files = (
				9D3B3FDD209259B100384ED8 /* TabBarViewController.swift in Sources */,
				FA362A78209A710B00606D8F /* Layer.swift in Sources */,
				FA362A7A209AFF4200606D8F /* CGFloat.swift in Sources */,
				FA2580A7209D8E03006C4C32 /* mlModel.mlmodel in Sources */,
				FA362A7C209AFF4E00606D8F /* UIScreen.swift in Sources */,
				9D2C53A620877B8900616760 /* CategoriesViewController.swift in Sources */,
				FA516B2D20961FCF00D0BB5B /* CategoryInfoViewController.swift in Sources */,
				9D2C53E22087A54200616760 /* Image.swift in Sources */,
				FA362A6F209A25C500606D8F /* CameraViewController.swift in Sources */,
				9D2C53DA208785F400616760 /* Category.swift in Sources */,
				9D2C53EC2087F60700616760 /* ImageViewWithGradient.swift in Sources */,
				9D2C53A420877B8900616760 /* AppDelegate.swift in Sources */,
				9D2C53EE20889CFC00616760 /* Color.swift in Sources */,
				9D2C53D720877F2800616760 /* CustomTableViewCell.swift in Sources */,
				9D2C53AC20877B8900616760 /* GreenCycle.xcdatamodeld in Sources */,
			);
			runOnlyForDeploymentPostprocessing = 0;
		};
		9D2C53B320877B8B00616760 /* Sources */ = {
			isa = PBXSourcesBuildPhase;
			buildActionMask = 2147483647;
			files = (
				9D2C53BC20877B8B00616760 /* GreenCycleTests.swift in Sources */,
			);
			runOnlyForDeploymentPostprocessing = 0;
		};
		9D2C53BE20877B8B00616760 /* Sources */ = {
			isa = PBXSourcesBuildPhase;
			buildActionMask = 2147483647;
			files = (
				9D2C53C720877B8B00616760 /* GreenCycleUITests.swift in Sources */,
			);
			runOnlyForDeploymentPostprocessing = 0;
		};
/* End PBXSourcesBuildPhase section */

/* Begin PBXTargetDependency section */
		9D2C53B920877B8B00616760 /* PBXTargetDependency */ = {
			isa = PBXTargetDependency;
			target = 9D2C539F20877B8900616760 /* GreenCycle */;
			targetProxy = 9D2C53B820877B8B00616760 /* PBXContainerItemProxy */;
		};
		9D2C53C420877B8B00616760 /* PBXTargetDependency */ = {
			isa = PBXTargetDependency;
			target = 9D2C539F20877B8900616760 /* GreenCycle */;
			targetProxy = 9D2C53C320877B8B00616760 /* PBXContainerItemProxy */;
		};
/* End PBXTargetDependency section */

/* Begin PBXVariantGroup section */
		9D2C53A720877B8900616760 /* Main.storyboard */ = {
			isa = PBXVariantGroup;
			children = (
				9D2C53A820877B8900616760 /* Base */,
			);
			name = Main.storyboard;
			sourceTree = "<group>";
		};
/* End PBXVariantGroup section */

/* Begin XCBuildConfiguration section */
		9D2C53C920877B8B00616760 /* Debug */ = {
			isa = XCBuildConfiguration;
			buildSettings = {
				ALWAYS_SEARCH_USER_PATHS = NO;
				CLANG_ANALYZER_NONNULL = YES;
				CLANG_ANALYZER_NUMBER_OBJECT_CONVERSION = YES_AGGRESSIVE;
				CLANG_CXX_LANGUAGE_STANDARD = "gnu++14";
				CLANG_CXX_LIBRARY = "libc++";
				CLANG_ENABLE_MODULES = YES;
				CLANG_ENABLE_OBJC_ARC = YES;
				CLANG_ENABLE_OBJC_WEAK = YES;
				CLANG_WARN_BLOCK_CAPTURE_AUTORELEASING = YES;
				CLANG_WARN_BOOL_CONVERSION = YES;
				CLANG_WARN_COMMA = YES;
				CLANG_WARN_CONSTANT_CONVERSION = YES;
				CLANG_WARN_DEPRECATED_OBJC_IMPLEMENTATIONS = YES;
				CLANG_WARN_DIRECT_OBJC_ISA_USAGE = YES_ERROR;
				CLANG_WARN_DOCUMENTATION_COMMENTS = YES;
				CLANG_WARN_EMPTY_BODY = YES;
				CLANG_WARN_ENUM_CONVERSION = YES;
				CLANG_WARN_INFINITE_RECURSION = YES;
				CLANG_WARN_INT_CONVERSION = YES;
				CLANG_WARN_NON_LITERAL_NULL_CONVERSION = YES;
				CLANG_WARN_OBJC_IMPLICIT_RETAIN_SELF = YES;
				CLANG_WARN_OBJC_LITERAL_CONVERSION = YES;
				CLANG_WARN_OBJC_ROOT_CLASS = YES_ERROR;
				CLANG_WARN_RANGE_LOOP_ANALYSIS = YES;
				CLANG_WARN_STRICT_PROTOTYPES = YES;
				CLANG_WARN_SUSPICIOUS_MOVE = YES;
				CLANG_WARN_UNGUARDED_AVAILABILITY = YES_AGGRESSIVE;
				CLANG_WARN_UNREACHABLE_CODE = YES;
				CLANG_WARN__DUPLICATE_METHOD_MATCH = YES;
				CODE_SIGN_IDENTITY = "iPhone Developer";
				COPY_PHASE_STRIP = NO;
				DEBUG_INFORMATION_FORMAT = dwarf;
				ENABLE_STRICT_OBJC_MSGSEND = YES;
				ENABLE_TESTABILITY = YES;
				GCC_C_LANGUAGE_STANDARD = gnu11;
				GCC_DYNAMIC_NO_PIC = NO;
				GCC_NO_COMMON_BLOCKS = YES;
				GCC_OPTIMIZATION_LEVEL = 0;
				GCC_PREPROCESSOR_DEFINITIONS = (
					"DEBUG=1",
					"$(inherited)",
				);
				GCC_WARN_64_TO_32_BIT_CONVERSION = YES;
				GCC_WARN_ABOUT_RETURN_TYPE = YES_ERROR;
				GCC_WARN_UNDECLARED_SELECTOR = YES;
				GCC_WARN_UNINITIALIZED_AUTOS = YES_AGGRESSIVE;
				GCC_WARN_UNUSED_FUNCTION = YES;
				GCC_WARN_UNUSED_VARIABLE = YES;
				IPHONEOS_DEPLOYMENT_TARGET = 11.3;
				MTL_ENABLE_DEBUG_INFO = YES;
				ONLY_ACTIVE_ARCH = YES;
				SDKROOT = iphoneos;
				SWIFT_ACTIVE_COMPILATION_CONDITIONS = DEBUG;
				SWIFT_OPTIMIZATION_LEVEL = "-Onone";
			};
			name = Debug;
		};
		9D2C53CA20877B8B00616760 /* Release */ = {
			isa = XCBuildConfiguration;
			buildSettings = {
				ALWAYS_SEARCH_USER_PATHS = NO;
				CLANG_ANALYZER_NONNULL = YES;
				CLANG_ANALYZER_NUMBER_OBJECT_CONVERSION = YES_AGGRESSIVE;
				CLANG_CXX_LANGUAGE_STANDARD = "gnu++14";
				CLANG_CXX_LIBRARY = "libc++";
				CLANG_ENABLE_MODULES = YES;
				CLANG_ENABLE_OBJC_ARC = YES;
				CLANG_ENABLE_OBJC_WEAK = YES;
				CLANG_WARN_BLOCK_CAPTURE_AUTORELEASING = YES;
				CLANG_WARN_BOOL_CONVERSION = YES;
				CLANG_WARN_COMMA = YES;
				CLANG_WARN_CONSTANT_CONVERSION = YES;
				CLANG_WARN_DEPRECATED_OBJC_IMPLEMENTATIONS = YES;
				CLANG_WARN_DIRECT_OBJC_ISA_USAGE = YES_ERROR;
				CLANG_WARN_DOCUMENTATION_COMMENTS = YES;
				CLANG_WARN_EMPTY_BODY = YES;
				CLANG_WARN_ENUM_CONVERSION = YES;
				CLANG_WARN_INFINITE_RECURSION = YES;
				CLANG_WARN_INT_CONVERSION = YES;
				CLANG_WARN_NON_LITERAL_NULL_CONVERSION = YES;
				CLANG_WARN_OBJC_IMPLICIT_RETAIN_SELF = YES;
				CLANG_WARN_OBJC_LITERAL_CONVERSION = YES;
				CLANG_WARN_OBJC_ROOT_CLASS = YES_ERROR;
				CLANG_WARN_RANGE_LOOP_ANALYSIS = YES;
				CLANG_WARN_STRICT_PROTOTYPES = YES;
				CLANG_WARN_SUSPICIOUS_MOVE = YES;
				CLANG_WARN_UNGUARDED_AVAILABILITY = YES_AGGRESSIVE;
				CLANG_WARN_UNREACHABLE_CODE = YES;
				CLANG_WARN__DUPLICATE_METHOD_MATCH = YES;
				CODE_SIGN_IDENTITY = "iPhone Developer";
				COPY_PHASE_STRIP = NO;
				DEBUG_INFORMATION_FORMAT = "dwarf-with-dsym";
				ENABLE_NS_ASSERTIONS = NO;
				ENABLE_STRICT_OBJC_MSGSEND = YES;
				GCC_C_LANGUAGE_STANDARD = gnu11;
				GCC_NO_COMMON_BLOCKS = YES;
				GCC_WARN_64_TO_32_BIT_CONVERSION = YES;
				GCC_WARN_ABOUT_RETURN_TYPE = YES_ERROR;
				GCC_WARN_UNDECLARED_SELECTOR = YES;
				GCC_WARN_UNINITIALIZED_AUTOS = YES_AGGRESSIVE;
				GCC_WARN_UNUSED_FUNCTION = YES;
				GCC_WARN_UNUSED_VARIABLE = YES;
				IPHONEOS_DEPLOYMENT_TARGET = 11.3;
				MTL_ENABLE_DEBUG_INFO = NO;
				SDKROOT = iphoneos;
				SWIFT_OPTIMIZATION_LEVEL = "-Owholemodule";
				VALIDATE_PRODUCT = YES;
			};
			name = Release;
		};
		9D2C53CC20877B8B00616760 /* Debug */ = {
			isa = XCBuildConfiguration;
			buildSettings = {
				ASSETCATALOG_COMPILER_APPICON_NAME = AppIcon;
				CODE_SIGN_STYLE = Automatic;
				DEVELOPMENT_TEAM = HYDC632CLE;
				INFOPLIST_FILE = GreenCycle/Info.plist;
				LD_RUNPATH_SEARCH_PATHS = "$(inherited) @executable_path/Frameworks";
				PRODUCT_BUNDLE_IDENTIFIER = com.nhim.GreenCycle;
				PRODUCT_NAME = "$(TARGET_NAME)";
				SWIFT_VERSION = 4.0;
				TARGETED_DEVICE_FAMILY = "1,2";
			};
			name = Debug;
		};
		9D2C53CD20877B8B00616760 /* Release */ = {
			isa = XCBuildConfiguration;
			buildSettings = {
				ASSETCATALOG_COMPILER_APPICON_NAME = AppIcon;
				CODE_SIGN_STYLE = Automatic;
				DEVELOPMENT_TEAM = HYDC632CLE;
				INFOPLIST_FILE = GreenCycle/Info.plist;
				LD_RUNPATH_SEARCH_PATHS = "$(inherited) @executable_path/Frameworks";
				PRODUCT_BUNDLE_IDENTIFIER = com.nhim.GreenCycle;
				PRODUCT_NAME = "$(TARGET_NAME)";
				SWIFT_VERSION = 4.0;
				TARGETED_DEVICE_FAMILY = "1,2";
			};
			name = Release;
		};
		9D2C53CF20877B8B00616760 /* Debug */ = {
			isa = XCBuildConfiguration;
			buildSettings = {
				ALWAYS_EMBED_SWIFT_STANDARD_LIBRARIES = YES;
				BUNDLE_LOADER = "$(TEST_HOST)";
				CODE_SIGN_STYLE = Automatic;
				DEVELOPMENT_TEAM = HYDC632CLE;
				INFOPLIST_FILE = GreenCycleTests/Info.plist;
				LD_RUNPATH_SEARCH_PATHS = "$(inherited) @executable_path/Frameworks @loader_path/Frameworks";
				PRODUCT_BUNDLE_IDENTIFIER = com.nhim.GreenCycleTests;
				PRODUCT_NAME = "$(TARGET_NAME)";
				SWIFT_VERSION = 4.0;
				TARGETED_DEVICE_FAMILY = "1,2";
				TEST_HOST = "$(BUILT_PRODUCTS_DIR)/GreenCycle.app/GreenCycle";
			};
			name = Debug;
		};
		9D2C53D020877B8B00616760 /* Release */ = {
			isa = XCBuildConfiguration;
			buildSettings = {
				ALWAYS_EMBED_SWIFT_STANDARD_LIBRARIES = YES;
				BUNDLE_LOADER = "$(TEST_HOST)";
				CODE_SIGN_STYLE = Automatic;
				DEVELOPMENT_TEAM = HYDC632CLE;
				INFOPLIST_FILE = GreenCycleTests/Info.plist;
				LD_RUNPATH_SEARCH_PATHS = "$(inherited) @executable_path/Frameworks @loader_path/Frameworks";
				PRODUCT_BUNDLE_IDENTIFIER = com.nhim.GreenCycleTests;
				PRODUCT_NAME = "$(TARGET_NAME)";
				SWIFT_VERSION = 4.0;
				TARGETED_DEVICE_FAMILY = "1,2";
				TEST_HOST = "$(BUILT_PRODUCTS_DIR)/GreenCycle.app/GreenCycle";
			};
			name = Release;
		};
		9D2C53D220877B8B00616760 /* Debug */ = {
			isa = XCBuildConfiguration;
			buildSettings = {
				ALWAYS_EMBED_SWIFT_STANDARD_LIBRARIES = YES;
				CODE_SIGN_STYLE = Automatic;
				DEVELOPMENT_TEAM = HYDC632CLE;
				INFOPLIST_FILE = GreenCycleUITests/Info.plist;
				LD_RUNPATH_SEARCH_PATHS = "$(inherited) @executable_path/Frameworks @loader_path/Frameworks";
				PRODUCT_BUNDLE_IDENTIFIER = com.nhim.GreenCycleUITests;
				PRODUCT_NAME = "$(TARGET_NAME)";
				SWIFT_VERSION = 4.0;
				TARGETED_DEVICE_FAMILY = "1,2";
				TEST_TARGET_NAME = GreenCycle;
			};
			name = Debug;
		};
		9D2C53D320877B8B00616760 /* Release */ = {
			isa = XCBuildConfiguration;
			buildSettings = {
				ALWAYS_EMBED_SWIFT_STANDARD_LIBRARIES = YES;
				CODE_SIGN_STYLE = Automatic;
				DEVELOPMENT_TEAM = HYDC632CLE;
				INFOPLIST_FILE = GreenCycleUITests/Info.plist;
				LD_RUNPATH_SEARCH_PATHS = "$(inherited) @executable_path/Frameworks @loader_path/Frameworks";
				PRODUCT_BUNDLE_IDENTIFIER = com.nhim.GreenCycleUITests;
				PRODUCT_NAME = "$(TARGET_NAME)";
				SWIFT_VERSION = 4.0;
				TARGETED_DEVICE_FAMILY = "1,2";
				TEST_TARGET_NAME = GreenCycle;
			};
			name = Release;
		};
/* End XCBuildConfiguration section */

/* Begin XCConfigurationList section */
		9D2C539B20877B8900616760 /* Build configuration list for PBXProject "GreenCycle" */ = {
			isa = XCConfigurationList;
			buildConfigurations = (
				9D2C53C920877B8B00616760 /* Debug */,
				9D2C53CA20877B8B00616760 /* Release */,
			);
			defaultConfigurationIsVisible = 0;
			defaultConfigurationName = Release;
		};
		9D2C53CB20877B8B00616760 /* Build configuration list for PBXNativeTarget "GreenCycle" */ = {
			isa = XCConfigurationList;
			buildConfigurations = (
				9D2C53CC20877B8B00616760 /* Debug */,
				9D2C53CD20877B8B00616760 /* Release */,
			);
			defaultConfigurationIsVisible = 0;
			defaultConfigurationName = Release;
		};
		9D2C53CE20877B8B00616760 /* Build configuration list for PBXNativeTarget "GreenCycleTests" */ = {
			isa = XCConfigurationList;
			buildConfigurations = (
				9D2C53CF20877B8B00616760 /* Debug */,
				9D2C53D020877B8B00616760 /* Release */,
			);
			defaultConfigurationIsVisible = 0;
			defaultConfigurationName = Release;
		};
		9D2C53D120877B8B00616760 /* Build configuration list for PBXNativeTarget "GreenCycleUITests" */ = {
			isa = XCConfigurationList;
			buildConfigurations = (
				9D2C53D220877B8B00616760 /* Debug */,
				9D2C53D320877B8B00616760 /* Release */,
			);
			defaultConfigurationIsVisible = 0;
			defaultConfigurationName = Release;
		};
/* End XCConfigurationList section */

/* Begin XCVersionGroup section */
		9D2C53AA20877B8900616760 /* GreenCycle.xcdatamodeld */ = {
			isa = XCVersionGroup;
			children = (
				9D2C53AB20877B8900616760 /* GreenCycle.xcdatamodel */,
			);
			currentVersion = 9D2C53AB20877B8900616760 /* GreenCycle.xcdatamodel */;
			path = GreenCycle.xcdatamodeld;
			sourceTree = "<group>";
			versionGroupType = wrapper.xcdatamodel;
		};
/* End XCVersionGroup section */
	};
	rootObject = 9D2C539820877B8900616760 /* Project object */;
}
