// !$*UTF8*$!
{
	archiveVersion = 1;
	classes = {
	};
	objectVersion = 50;
	objects = {

/* Begin PBXBuildFile section */
		353C5B362091BD0F00779E90 /* AppDelegate.swift in Sources */ = {isa = PBXBuildFile; fileRef = 353C5B352091BD0F00779E90 /* AppDelegate.swift */; };
		353C5B382091BD0F00779E90 /* ViewController.swift in Sources */ = {isa = PBXBuildFile; fileRef = 353C5B372091BD0F00779E90 /* ViewController.swift */; };
		353C5B3E2091BD0F00779E90 /* camera_view.xcdatamodeld in Sources */ = {isa = PBXBuildFile; fileRef = 353C5B3C2091BD0F00779E90 /* camera_view.xcdatamodeld */; };
		353C5B402091BD1000779E90 /* Assets.xcassets in Resources */ = {isa = PBXBuildFile; fileRef = 353C5B3F2091BD1000779E90 /* Assets.xcassets */; };
		353C5B432091BD1000779E90 /* LaunchScreen.storyboard in Resources */ = {isa = PBXBuildFile; fileRef = 353C5B412091BD1000779E90 /* LaunchScreen.storyboard */; };
		353C5B4E2091BD1100779E90 /* camera_viewTests.swift in Sources */ = {isa = PBXBuildFile; fileRef = 353C5B4D2091BD1100779E90 /* camera_viewTests.swift */; };
/* End PBXBuildFile section */

/* Begin PBXContainerItemProxy section */
		353C5B4A2091BD1100779E90 /* PBXContainerItemProxy */ = {
			isa = PBXContainerItemProxy;
			containerPortal = 353C5B2A2091BD0F00779E90 /* Project object */;
			proxyType = 1;
			remoteGlobalIDString = 353C5B312091BD0F00779E90;
			remoteInfo = "camera-view";
		};
/* End PBXContainerItemProxy section */

/* Begin PBXFileReference section */
		353C5B322091BD0F00779E90 /* camera-view.app */ = {isa = PBXFileReference; explicitFileType = wrapper.application; includeInIndex = 0; path = "camera-view.app"; sourceTree = BUILT_PRODUCTS_DIR; };
		353C5B352091BD0F00779E90 /* AppDelegate.swift */ = {isa = PBXFileReference; lastKnownFileType = sourcecode.swift; path = AppDelegate.swift; sourceTree = "<group>"; };
		353C5B372091BD0F00779E90 /* ViewController.swift */ = {isa = PBXFileReference; lastKnownFileType = sourcecode.swift; path = ViewController.swift; sourceTree = "<group>"; };
		353C5B3D2091BD0F00779E90 /* camera_view.xcdatamodel */ = {isa = PBXFileReference; lastKnownFileType = wrapper.xcdatamodel; path = camera_view.xcdatamodel; sourceTree = "<group>"; };
		353C5B3F2091BD1000779E90 /* Assets.xcassets */ = {isa = PBXFileReference; lastKnownFileType = folder.assetcatalog; path = Assets.xcassets; sourceTree = "<group>"; };
		353C5B422091BD1000779E90 /* Base */ = {isa = PBXFileReference; lastKnownFileType = file.storyboard; name = Base; path = Base.lproj/LaunchScreen.storyboard; sourceTree = "<group>"; };
		353C5B442091BD1000779E90 /* Info.plist */ = {isa = PBXFileReference; lastKnownFileType = text.plist.xml; path = Info.plist; sourceTree = "<group>"; };
		353C5B492091BD1100779E90 /* camera-viewTests.xctest */ = {isa = PBXFileReference; explicitFileType = wrapper.cfbundle; includeInIndex = 0; path = "camera-viewTests.xctest"; sourceTree = BUILT_PRODUCTS_DIR; };
		353C5B4D2091BD1100779E90 /* camera_viewTests.swift */ = {isa = PBXFileReference; lastKnownFileType = sourcecode.swift; path = camera_viewTests.swift; sourceTree = "<group>"; };
		353C5B4F2091BD1100779E90 /* Info.plist */ = {isa = PBXFileReference; lastKnownFileType = text.plist.xml; path = Info.plist; sourceTree = "<group>"; };
		353C5B582091F17C00779E90 /* modelv4.3_8.categories.h5 */ = {isa = PBXFileReference; lastKnownFileType = file; name = modelv4.3_8.categories.h5; path = "../../../../../../../Downloads/drive-download-20180420T074405Z-001/modelv4.3_8.categories.h5"; sourceTree = "<group>"; };
		353C5B592091F17C00779E90 /* weights_v4.3_8.categories.0.h5 */ = {isa = PBXFileReference; lastKnownFileType = file; name = weights_v4.3_8.categories.0.h5; path = "../../../../../../../Downloads/drive-download-20180420T074405Z-001/weights_v4.3_8.categories.0.h5"; sourceTree = "<group>"; };
/* End PBXFileReference section */

/* Begin PBXFrameworksBuildPhase section */
		353C5B2F2091BD0F00779E90 /* Frameworks */ = {
			isa = PBXFrameworksBuildPhase;
			buildActionMask = 2147483647;
			files = (
			);
			runOnlyForDeploymentPostprocessing = 0;
		};
		353C5B462091BD1100779E90 /* Frameworks */ = {
			isa = PBXFrameworksBuildPhase;
			buildActionMask = 2147483647;
			files = (
			);
			runOnlyForDeploymentPostprocessing = 0;
		};
/* End PBXFrameworksBuildPhase section */

/* Begin PBXGroup section */
		353C5B292091BD0F00779E90 = {
			isa = PBXGroup;
			children = (
				353C5B342091BD0F00779E90 /* camera-view */,
				353C5B4C2091BD1100779E90 /* camera-viewTests */,
				353C5B332091BD0F00779E90 /* Products */,
			);
			sourceTree = "<group>";
		};
		353C5B332091BD0F00779E90 /* Products */ = {
			isa = PBXGroup;
			children = (
				353C5B322091BD0F00779E90 /* camera-view.app */,
				353C5B492091BD1100779E90 /* camera-viewTests.xctest */,
			);
			name = Products;
			sourceTree = "<group>";
		};
		353C5B342091BD0F00779E90 /* camera-view */ = {
			isa = PBXGroup;
			children = (
				353C5B582091F17C00779E90 /* modelv4.3_8.categories.h5 */,
				353C5B592091F17C00779E90 /* weights_v4.3_8.categories.0.h5 */,
				353C5B352091BD0F00779E90 /* AppDelegate.swift */,
				353C5B372091BD0F00779E90 /* ViewController.swift */,
				353C5B3F2091BD1000779E90 /* Assets.xcassets */,
				353C5B412091BD1000779E90 /* LaunchScreen.storyboard */,
				353C5B442091BD1000779E90 /* Info.plist */,
				353C5B3C2091BD0F00779E90 /* camera_view.xcdatamodeld */,
			);
			path = "camera-view";
			sourceTree = "<group>";
		};
		353C5B4C2091BD1100779E90 /* camera-viewTests */ = {
			isa = PBXGroup;
			children = (
				353C5B4D2091BD1100779E90 /* camera_viewTests.swift */,
				353C5B4F2091BD1100779E90 /* Info.plist */,
			);
			path = "camera-viewTests";
			sourceTree = "<group>";
		};
/* End PBXGroup section */

/* Begin PBXNativeTarget section */
		353C5B312091BD0F00779E90 /* camera-view */ = {
			isa = PBXNativeTarget;
			buildConfigurationList = 353C5B522091BD1100779E90 /* Build configuration list for PBXNativeTarget "camera-view" */;
			buildPhases = (
				353C5B2E2091BD0F00779E90 /* Sources */,
				353C5B2F2091BD0F00779E90 /* Frameworks */,
				353C5B302091BD0F00779E90 /* Resources */,
			);
			buildRules = (
			);
			dependencies = (
			);
			name = "camera-view";
			productName = "camera-view";
			productReference = 353C5B322091BD0F00779E90 /* camera-view.app */;
			productType = "com.apple.product-type.application";
		};
		353C5B482091BD1100779E90 /* camera-viewTests */ = {
			isa = PBXNativeTarget;
			buildConfigurationList = 353C5B552091BD1100779E90 /* Build configuration list for PBXNativeTarget "camera-viewTests" */;
			buildPhases = (
				353C5B452091BD1100779E90 /* Sources */,
				353C5B462091BD1100779E90 /* Frameworks */,
				353C5B472091BD1100779E90 /* Resources */,
			);
			buildRules = (
			);
			dependencies = (
				353C5B4B2091BD1100779E90 /* PBXTargetDependency */,
			);
			name = "camera-viewTests";
			productName = "camera-viewTests";
			productReference = 353C5B492091BD1100779E90 /* camera-viewTests.xctest */;
			productType = "com.apple.product-type.bundle.unit-test";
		};
/* End PBXNativeTarget section */

/* Begin PBXProject section */
		353C5B2A2091BD0F00779E90 /* Project object */ = {
			isa = PBXProject;
			attributes = {
				LastSwiftUpdateCheck = 0930;
				LastUpgradeCheck = 0930;
				ORGANIZATIONNAME = "Mikael Ahlström";
				TargetAttributes = {
					353C5B312091BD0F00779E90 = {
						CreatedOnToolsVersion = 9.3;
					};
					353C5B482091BD1100779E90 = {
						CreatedOnToolsVersion = 9.3;
						TestTargetID = 353C5B312091BD0F00779E90;
					};
				};
			};
			buildConfigurationList = 353C5B2D2091BD0F00779E90 /* Build configuration list for PBXProject "camera-view" */;
			compatibilityVersion = "Xcode 9.3";
			developmentRegion = en;
			hasScannedForEncodings = 0;
			knownRegions = (
				en,
				Base,
			);
			mainGroup = 353C5B292091BD0F00779E90;
			productRefGroup = 353C5B332091BD0F00779E90 /* Products */;
			projectDirPath = "";
			projectRoot = "";
			targets = (
				353C5B312091BD0F00779E90 /* camera-view */,
				353C5B482091BD1100779E90 /* camera-viewTests */,
			);
		};
/* End PBXProject section */

/* Begin PBXResourcesBuildPhase section */
		353C5B302091BD0F00779E90 /* Resources */ = {
			isa = PBXResourcesBuildPhase;
			buildActionMask = 2147483647;
			files = (
				353C5B432091BD1000779E90 /* LaunchScreen.storyboard in Resources */,
				353C5B402091BD1000779E90 /* Assets.xcassets in Resources */,
			);
			runOnlyForDeploymentPostprocessing = 0;
		};
		353C5B472091BD1100779E90 /* Resources */ = {
			isa = PBXResourcesBuildPhase;
			buildActionMask = 2147483647;
			files = (
			);
			runOnlyForDeploymentPostprocessing = 0;
		};
/* End PBXResourcesBuildPhase section */

/* Begin PBXSourcesBuildPhase section */
		353C5B2E2091BD0F00779E90 /* Sources */ = {
			isa = PBXSourcesBuildPhase;
			buildActionMask = 2147483647;
			files = (
				353C5B382091BD0F00779E90 /* ViewController.swift in Sources */,
				353C5B362091BD0F00779E90 /* AppDelegate.swift in Sources */,
				353C5B3E2091BD0F00779E90 /* camera_view.xcdatamodeld in Sources */,
			);
			runOnlyForDeploymentPostprocessing = 0;
		};
		353C5B452091BD1100779E90 /* Sources */ = {
			isa = PBXSourcesBuildPhase;
			buildActionMask = 2147483647;
			files = (
				353C5B4E2091BD1100779E90 /* camera_viewTests.swift in Sources */,
			);
			runOnlyForDeploymentPostprocessing = 0;
		};
/* End PBXSourcesBuildPhase section */

/* Begin PBXTargetDependency section */
		353C5B4B2091BD1100779E90 /* PBXTargetDependency */ = {
			isa = PBXTargetDependency;
			target = 353C5B312091BD0F00779E90 /* camera-view */;
			targetProxy = 353C5B4A2091BD1100779E90 /* PBXContainerItemProxy */;
		};
/* End PBXTargetDependency section */

/* Begin PBXVariantGroup section */
		353C5B412091BD1000779E90 /* LaunchScreen.storyboard */ = {
			isa = PBXVariantGroup;
			children = (
				353C5B422091BD1000779E90 /* Base */,
			);
			name = LaunchScreen.storyboard;
			sourceTree = "<group>";
		};
/* End PBXVariantGroup section */

/* Begin XCBuildConfiguration section */
		353C5B502091BD1100779E90 /* Debug */ = {
			isa = XCBuildConfiguration;
			buildSettings = {
				ALWAYS_SEARCH_USER_PATHS = NO;
				CLANG_ANALYZER_NONNULL = YES;
				CLANG_ANALYZER_NUMBER_OBJECT_CONVERSION = YES_AGGRESSIVE;
				CLANG_CXX_LANGUAGE_STANDARD = "gnu++14";
				CLANG_CXX_LIBRARY = "libc++";
				CLANG_ENABLE_MODULES = YES;
				CLANG_ENABLE_OBJC_ARC = YES;
				CLANG_ENABLE_OBJC_WEAK = YES;
				CLANG_WARN_BLOCK_CAPTURE_AUTORELEASING = YES;
				CLANG_WARN_BOOL_CONVERSION = YES;
				CLANG_WARN_COMMA = YES;
				CLANG_WARN_CONSTANT_CONVERSION = YES;
				CLANG_WARN_DEPRECATED_OBJC_IMPLEMENTATIONS = YES;
				CLANG_WARN_DIRECT_OBJC_ISA_USAGE = YES_ERROR;
				CLANG_WARN_DOCUMENTATION_COMMENTS = YES;
				CLANG_WARN_EMPTY_BODY = YES;
				CLANG_WARN_ENUM_CONVERSION = YES;
				CLANG_WARN_INFINITE_RECURSION = YES;
				CLANG_WARN_INT_CONVERSION = YES;
				CLANG_WARN_NON_LITERAL_NULL_CONVERSION = YES;
				CLANG_WARN_OBJC_IMPLICIT_RETAIN_SELF = YES;
				CLANG_WARN_OBJC_LITERAL_CONVERSION = YES;
				CLANG_WARN_OBJC_ROOT_CLASS = YES_ERROR;
				CLANG_WARN_RANGE_LOOP_ANALYSIS = YES;
				CLANG_WARN_STRICT_PROTOTYPES = YES;
				CLANG_WARN_SUSPICIOUS_MOVE = YES;
				CLANG_WARN_UNGUARDED_AVAILABILITY = YES_AGGRESSIVE;
				CLANG_WARN_UNREACHABLE_CODE = YES;
				CLANG_WARN__DUPLICATE_METHOD_MATCH = YES;
				CODE_SIGN_IDENTITY = "iPhone Developer";
				COPY_PHASE_STRIP = NO;
				DEBUG_INFORMATION_FORMAT = dwarf;
				ENABLE_STRICT_OBJC_MSGSEND = YES;
				ENABLE_TESTABILITY = YES;
				GCC_C_LANGUAGE_STANDARD = gnu11;
				GCC_DYNAMIC_NO_PIC = NO;
				GCC_NO_COMMON_BLOCKS = YES;
				GCC_OPTIMIZATION_LEVEL = 0;
				GCC_PREPROCESSOR_DEFINITIONS = (
					"DEBUG=1",
					"$(inherited)",
				);
				GCC_WARN_64_TO_32_BIT_CONVERSION = YES;
				GCC_WARN_ABOUT_RETURN_TYPE = YES_ERROR;
				GCC_WARN_UNDECLARED_SELECTOR = YES;
				GCC_WARN_UNINITIALIZED_AUTOS = YES_AGGRESSIVE;
				GCC_WARN_UNUSED_FUNCTION = YES;
				GCC_WARN_UNUSED_VARIABLE = YES;
				IPHONEOS_DEPLOYMENT_TARGET = 11.3;
				MTL_ENABLE_DEBUG_INFO = YES;
				ONLY_ACTIVE_ARCH = YES;
				SDKROOT = iphoneos;
				SWIFT_ACTIVE_COMPILATION_CONDITIONS = DEBUG;
				SWIFT_OPTIMIZATION_LEVEL = "-Onone";
			};
			name = Debug;
		};
		353C5B512091BD1100779E90 /* Release */ = {
			isa = XCBuildConfiguration;
			buildSettings = {
				ALWAYS_SEARCH_USER_PATHS = NO;
				CLANG_ANALYZER_NONNULL = YES;
				CLANG_ANALYZER_NUMBER_OBJECT_CONVERSION = YES_AGGRESSIVE;
				CLANG_CXX_LANGUAGE_STANDARD = "gnu++14";
				CLANG_CXX_LIBRARY = "libc++";
				CLANG_ENABLE_MODULES = YES;
				CLANG_ENABLE_OBJC_ARC = YES;
				CLANG_ENABLE_OBJC_WEAK = YES;
				CLANG_WARN_BLOCK_CAPTURE_AUTORELEASING = YES;
				CLANG_WARN_BOOL_CONVERSION = YES;
				CLANG_WARN_COMMA = YES;
				CLANG_WARN_CONSTANT_CONVERSION = YES;
				CLANG_WARN_DEPRECATED_OBJC_IMPLEMENTATIONS = YES;
				CLANG_WARN_DIRECT_OBJC_ISA_USAGE = YES_ERROR;
				CLANG_WARN_DOCUMENTATION_COMMENTS = YES;
				CLANG_WARN_EMPTY_BODY = YES;
				CLANG_WARN_ENUM_CONVERSION = YES;
				CLANG_WARN_INFINITE_RECURSION = YES;
				CLANG_WARN_INT_CONVERSION = YES;
				CLANG_WARN_NON_LITERAL_NULL_CONVERSION = YES;
				CLANG_WARN_OBJC_IMPLICIT_RETAIN_SELF = YES;
				CLANG_WARN_OBJC_LITERAL_CONVERSION = YES;
				CLANG_WARN_OBJC_ROOT_CLASS = YES_ERROR;
				CLANG_WARN_RANGE_LOOP_ANALYSIS = YES;
				CLANG_WARN_STRICT_PROTOTYPES = YES;
				CLANG_WARN_SUSPICIOUS_MOVE = YES;
				CLANG_WARN_UNGUARDED_AVAILABILITY = YES_AGGRESSIVE;
				CLANG_WARN_UNREACHABLE_CODE = YES;
				CLANG_WARN__DUPLICATE_METHOD_MATCH = YES;
				CODE_SIGN_IDENTITY = "iPhone Developer";
				COPY_PHASE_STRIP = NO;
				DEBUG_INFORMATION_FORMAT = "dwarf-with-dsym";
				ENABLE_NS_ASSERTIONS = NO;
				ENABLE_STRICT_OBJC_MSGSEND = YES;
				GCC_C_LANGUAGE_STANDARD = gnu11;
				GCC_NO_COMMON_BLOCKS = YES;
				GCC_WARN_64_TO_32_BIT_CONVERSION = YES;
				GCC_WARN_ABOUT_RETURN_TYPE = YES_ERROR;
				GCC_WARN_UNDECLARED_SELECTOR = YES;
				GCC_WARN_UNINITIALIZED_AUTOS = YES_AGGRESSIVE;
				GCC_WARN_UNUSED_FUNCTION = YES;
				GCC_WARN_UNUSED_VARIABLE = YES;
				IPHONEOS_DEPLOYMENT_TARGET = 11.3;
				MTL_ENABLE_DEBUG_INFO = NO;
				SDKROOT = iphoneos;
				SWIFT_COMPILATION_MODE = wholemodule;
				SWIFT_OPTIMIZATION_LEVEL = "-O";
				VALIDATE_PRODUCT = YES;
			};
			name = Release;
		};
		353C5B532091BD1100779E90 /* Debug */ = {
			isa = XCBuildConfiguration;
			buildSettings = {
				ASSETCATALOG_COMPILER_APPICON_NAME = AppIcon;
				CODE_SIGN_STYLE = Automatic;
				DEVELOPMENT_TEAM = B57R8WBK6A;
				INFOPLIST_FILE = "camera-view/Info.plist";
				LD_RUNPATH_SEARCH_PATHS = (
					"$(inherited)",
					"@executable_path/Frameworks",
				);
				PRODUCT_BUNDLE_IDENTIFIER = "com.example.camera-view";
				PRODUCT_NAME = "$(TARGET_NAME)";
				SWIFT_VERSION = 4.0;
				TARGETED_DEVICE_FAMILY = "1,2";
			};
			name = Debug;
		};
		353C5B542091BD1100779E90 /* Release */ = {
			isa = XCBuildConfiguration;
			buildSettings = {
				ASSETCATALOG_COMPILER_APPICON_NAME = AppIcon;
				CODE_SIGN_STYLE = Automatic;
				DEVELOPMENT_TEAM = B57R8WBK6A;
				INFOPLIST_FILE = "camera-view/Info.plist";
				LD_RUNPATH_SEARCH_PATHS = (
					"$(inherited)",
					"@executable_path/Frameworks",
				);
				PRODUCT_BUNDLE_IDENTIFIER = "com.example.camera-view";
				PRODUCT_NAME = "$(TARGET_NAME)";
				SWIFT_VERSION = 4.0;
				TARGETED_DEVICE_FAMILY = "1,2";
			};
			name = Release;
		};
		353C5B562091BD1100779E90 /* Debug */ = {
			isa = XCBuildConfiguration;
			buildSettings = {
				ALWAYS_EMBED_SWIFT_STANDARD_LIBRARIES = YES;
				BUNDLE_LOADER = "$(TEST_HOST)";
				CODE_SIGN_STYLE = Automatic;
				DEVELOPMENT_TEAM = B57R8WBK6A;
				INFOPLIST_FILE = "camera-viewTests/Info.plist";
				LD_RUNPATH_SEARCH_PATHS = (
					"$(inherited)",
					"@executable_path/Frameworks",
					"@loader_path/Frameworks",
				);
				PRODUCT_BUNDLE_IDENTIFIER = "com.example.camera-viewTests";
				PRODUCT_NAME = "$(TARGET_NAME)";
				SWIFT_VERSION = 4.0;
				TARGETED_DEVICE_FAMILY = "1,2";
				TEST_HOST = "$(BUILT_PRODUCTS_DIR)/camera-view.app/camera-view";
			};
			name = Debug;
		};
		353C5B572091BD1100779E90 /* Release */ = {
			isa = XCBuildConfiguration;
			buildSettings = {
				ALWAYS_EMBED_SWIFT_STANDARD_LIBRARIES = YES;
				BUNDLE_LOADER = "$(TEST_HOST)";
				CODE_SIGN_STYLE = Automatic;
				DEVELOPMENT_TEAM = B57R8WBK6A;
				INFOPLIST_FILE = "camera-viewTests/Info.plist";
				LD_RUNPATH_SEARCH_PATHS = (
					"$(inherited)",
					"@executable_path/Frameworks",
					"@loader_path/Frameworks",
				);
				PRODUCT_BUNDLE_IDENTIFIER = "com.example.camera-viewTests";
				PRODUCT_NAME = "$(TARGET_NAME)";
				SWIFT_VERSION = 4.0;
				TARGETED_DEVICE_FAMILY = "1,2";
				TEST_HOST = "$(BUILT_PRODUCTS_DIR)/camera-view.app/camera-view";
			};
			name = Release;
		};
/* End XCBuildConfiguration section */

/* Begin XCConfigurationList section */
		353C5B2D2091BD0F00779E90 /* Build configuration list for PBXProject "camera-view" */ = {
			isa = XCConfigurationList;
			buildConfigurations = (
				353C5B502091BD1100779E90 /* Debug */,
				353C5B512091BD1100779E90 /* Release */,
			);
			defaultConfigurationIsVisible = 0;
			defaultConfigurationName = Release;
		};
		353C5B522091BD1100779E90 /* Build configuration list for PBXNativeTarget "camera-view" */ = {
			isa = XCConfigurationList;
			buildConfigurations = (
				353C5B532091BD1100779E90 /* Debug */,
				353C5B542091BD1100779E90 /* Release */,
			);
			defaultConfigurationIsVisible = 0;
			defaultConfigurationName = Release;
		};
		353C5B552091BD1100779E90 /* Build configuration list for PBXNativeTarget "camera-viewTests" */ = {
			isa = XCConfigurationList;
			buildConfigurations = (
				353C5B562091BD1100779E90 /* Debug */,
				353C5B572091BD1100779E90 /* Release */,
			);
			defaultConfigurationIsVisible = 0;
			defaultConfigurationName = Release;
		};
/* End XCConfigurationList section */

/* Begin XCVersionGroup section */
		353C5B3C2091BD0F00779E90 /* camera_view.xcdatamodeld */ = {
			isa = XCVersionGroup;
			children = (
				353C5B3D2091BD0F00779E90 /* camera_view.xcdatamodel */,
			);
			currentVersion = 353C5B3D2091BD0F00779E90 /* camera_view.xcdatamodel */;
			path = camera_view.xcdatamodeld;
			sourceTree = "<group>";
			versionGroupType = wrapper.xcdatamodel;
		};
/* End XCVersionGroup section */
	};
	rootObject = 353C5B2A2091BD0F00779E90 /* Project object */;
}
